Microsoft Visual Studio Solution File, Format Version 12.00
# Visual Studio Version 17
VisualStudioVersion = 17.5.2.0
MinimumVisualStudioVersion = 10.0.40219.1
Project("{FAE04EC0-301F-11D3-BF4B-00C04F79EFBC}") = "Constantes", "Constantes.csproj", "{B38FF80B-7A6E-0024-ADBF-8DB6051206D3}"
EndProject
Global
	GlobalSection(SolutionConfigurationPlatforms) = preSolution
		Debug|Any CPU = Debug|Any CPU
		Release|Any CPU = Release|Any CPU
	EndGlobalSection
	GlobalSection(ProjectConfigurationPlatforms) = postSolution
		{B38FF80B-7A6E-0024-ADBF-8DB6051206D3}.Debug|Any CPU.ActiveCfg = Debug|Any CPU
		{B38FF80B-7A6E-0024-ADBF-8DB6051206D3}.Debug|Any CPU.Build.0 = Debug|Any CPU
		{B38FF80B-7A6E-0024-ADBF-8DB6051206D3}.Release|Any CPU.ActiveCfg = Release|Any CPU
		{B38FF80B-7A6E-0024-ADBF-8DB6051206D3}.Release|Any CPU.Build.0 = Release|Any CPU
	EndGlobalSection
	GlobalSection(SolutionProperties) = preSolution
		HideSolutionNode = FALSE
	EndGlobalSection
	GlobalSection(ExtensibilityGlobals) = postSolution
		SolutionGuid = {7F82DAB0-DA2C-4777-88E6-BD653FBB653F}
	EndGlobalSection
EndGlobal
